# THIS IS AN AUTOGENERATED FILE. DO NOT EDIT THIS FILE DIRECTLY.
# yarn lockfile v1


"@types/aws-lambda@^8.10.92":
  version "8.10.128"
  resolved "https://registry.yarnpkg.com/@types/aws-lambda/-/aws-lambda-8.10.128.tgz#1c26e3e062e33961b250355cb4c9b6b3544b74a9"
  integrity sha512-bw4+ORfyywsj9Tq3WJA9j6HG4EbYy+dz+k8LN73ApmwjTdf82ZCSELz3b7BJQzeG5HE8IaTy9SXTHmruIK5ZlQ==
